// !$*UTF8*$!
{
	archiveVersion = 1;
	classes = {
	};
	objectVersion = 50;
	objects = {

/* Begin PBXBuildFile section */
		652D7F33F934513D25FD49E6 /* Pods_Alamo_Demo.framework in Frameworks */ = {isa = PBXBuildFile; fileRef = 6AE278007A5C48BA6AAB04CC /* Pods_Alamo_Demo.framework */; };
		7A04BC052232F21400F2C464 /* VideoCategoryModel.swift in Sources */ = {isa = PBXBuildFile; fileRef = 7A04BC042232F21400F2C464 /* VideoCategoryModel.swift */; };
		7A04BC072232F54000F2C464 /* VideoTableViewCell.swift in Sources */ = {isa = PBXBuildFile; fileRef = 7A04BC062232F54000F2C464 /* VideoTableViewCell.swift */; };
		7A04BC092232F5BF00F2C464 /* VideoCategoryViewController.swift in Sources */ = {isa = PBXBuildFile; fileRef = 7A04BC082232F5BF00F2C464 /* VideoCategoryViewController.swift */; };
		7A04BC0B2232F82B00F2C464 /* MainVideoCategoryModel.swift in Sources */ = {isa = PBXBuildFile; fileRef = 7A04BC0A2232F82B00F2C464 /* MainVideoCategoryModel.swift */; };
		7A929FAC219CEF170001B7D7 /* AppDelegate.swift in Sources */ = {isa = PBXBuildFile; fileRef = 7A929FAB219CEF170001B7D7 /* AppDelegate.swift */; };
		7A929FB1219CEF170001B7D7 /* Main.storyboard in Resources */ = {isa = PBXBuildFile; fileRef = 7A929FAF219CEF170001B7D7 /* Main.storyboard */; };
		7A929FB3219CEF180001B7D7 /* Assets.xcassets in Resources */ = {isa = PBXBuildFile; fileRef = 7A929FB2219CEF180001B7D7 /* Assets.xcassets */; };
		7A9DD71E22F4BA6800588941 /* IngredientsAddTableViewCell.swift in Sources */ = {isa = PBXBuildFile; fileRef = 7A9DD71D22F4BA6800588941 /* IngredientsAddTableViewCell.swift */; };
		7ABB0E39221E2E25004649E8 /* LaunchScreen.storyboard in Resources */ = {isa = PBXBuildFile; fileRef = 7ABB0E38221E2E25004649E8 /* LaunchScreen.storyboard */; };
		7ABC09912304C795002CA237 /* ProcedureTableViewCell.swift in Sources */ = {isa = PBXBuildFile; fileRef = 7ABC09902304C795002CA237 /* ProcedureTableViewCell.swift */; };
		7ADB8F0122CD196100B11100 /* GoogleService-Info.plist in Resources */ = {isa = PBXBuildFile; fileRef = 7ADB8F0022CD196100B11100 /* GoogleService-Info.plist */; };
		7ADB8F0722CD2A5F00B11100 /* TabBarController.swift in Sources */ = {isa = PBXBuildFile; fileRef = 7ADB8F0622CD2A5F00B11100 /* TabBarController.swift */; };
		7ADB8F0922CD496400B11100 /* AccountViewController.swift in Sources */ = {isa = PBXBuildFile; fileRef = 7ADB8F0822CD496400B11100 /* AccountViewController.swift */; };
		7AEC609D22D3AF36001511DB /* main-category.json in Resources */ = {isa = PBXBuildFile; fileRef = 7AEC609C22D3AF36001511DB /* main-category.json */; };
		7AEC60A022D3EC66001511DB /* valentine.json in Resources */ = {isa = PBXBuildFile; fileRef = 7AEC609F22D3EC66001511DB /* valentine.json */; };
		7AEC60A422D3EDC4001511DB /* CategoryModel.swift in Sources */ = {isa = PBXBuildFile; fileRef = 7AEC60A322D3EDC4001511DB /* CategoryModel.swift */; };
		7AEC60A622D3EE41001511DB /* DetailCategoryModel.swift in Sources */ = {isa = PBXBuildFile; fileRef = 7AEC60A522D3EE41001511DB /* DetailCategoryModel.swift */; };
		7AEC60AA22D3FB5B001511DB /* summer.json in Resources */ = {isa = PBXBuildFile; fileRef = 7AEC60A922D3FB5B001511DB /* summer.json */; };
		7AEC60AC22D40742001511DB /* spring.json in Resources */ = {isa = PBXBuildFile; fileRef = 7AEC60AB22D40742001511DB /* spring.json */; };
		7AEC60AE22D408F0001511DB /* slushy.json in Resources */ = {isa = PBXBuildFile; fileRef = 7AEC60AD22D408F0001511DB /* slushy.json */; };
		7AF6595C22CBDE3E008EDF8A /* AddRecipeViewController.swift in Sources */ = {isa = PBXBuildFile; fileRef = 7AF6595B22CBDE3E008EDF8A /* AddRecipeViewController.swift */; };
		7AFE7F5C22D9251B004E5A68 /* RecipeBookViewController.swift in Sources */ = {isa = PBXBuildFile; fileRef = 7AFE7F5B22D9251B004E5A68 /* RecipeBookViewController.swift */; };
		7AFE7F5E22D92939004E5A68 /* RecipeBookTableViewCell.swift in Sources */ = {isa = PBXBuildFile; fileRef = 7AFE7F5D22D92939004E5A68 /* RecipeBookTableViewCell.swift */; };
		BA21385F22152ECD0082FB68 /* DetailsViewController.swift in Sources */ = {isa = PBXBuildFile; fileRef = BA21385E22152ECD0082FB68 /* DetailsViewController.swift */; };
		BA413982221E443000E74B98 /* CategoryCollectionViewCell.swift in Sources */ = {isa = PBXBuildFile; fileRef = BA413981221E443000E74B98 /* CategoryCollectionViewCell.swift */; };
		BA43B4C7227299A200349C95 /* welcomeVC.swift in Sources */ = {isa = PBXBuildFile; fileRef = BA43B4C6227299A200349C95 /* welcomeVC.swift */; };
		BABB762F221F94C100E2C0D4 /* RecipeViewController.swift in Sources */ = {isa = PBXBuildFile; fileRef = BABB762E221F94C100E2C0D4 /* RecipeViewController.swift */; };
		BABB7631221F967200E2C0D4 /* IngredientsTableViewCell.swift in Sources */ = {isa = PBXBuildFile; fileRef = BABB7630221F967200E2C0D4 /* IngredientsTableViewCell.swift */; };
		BACC83FC227653520012158C /* SignInViewController.swift in Sources */ = {isa = PBXBuildFile; fileRef = BACC83FB227653520012158C /* SignInViewController.swift */; };
		BACC83FE227653600012158C /* SignUpViewController.swift in Sources */ = {isa = PBXBuildFile; fileRef = BACC83FD227653600012158C /* SignUpViewController.swift */; };
		BAD9328322128EDD008EDFBC /* SubCategoryModel.swift in Sources */ = {isa = PBXBuildFile; fileRef = BAD9328222128EDD008EDFBC /* SubCategoryModel.swift */; };
		BAD93285221295EA008EDFBC /* MainCategoryCollectionViewCell.swift in Sources */ = {isa = PBXBuildFile; fileRef = BAD93284221295EA008EDFBC /* MainCategoryCollectionViewCell.swift */; };
		BAD9328722129780008EDFBC /* MainCategoryViewController.swift in Sources */ = {isa = PBXBuildFile; fileRef = BAD9328622129780008EDFBC /* MainCategoryViewController.swift */; };
		BAD932902212A10F008EDFBC /* MainModelCategory.swift in Sources */ = {isa = PBXBuildFile; fileRef = BAD9328F2212A10F008EDFBC /* MainModelCategory.swift */; };
/* End PBXBuildFile section */

/* Begin PBXFileReference section */
		02E18FA7310AEDE068283A41 /* Pods-Alamo-Demo.release.xcconfig */ = {isa = PBXFileReference; includeInIndex = 1; lastKnownFileType = text.xcconfig; name = "Pods-Alamo-Demo.release.xcconfig"; path = "Pods/Target Support Files/Pods-Alamo-Demo/Pods-Alamo-Demo.release.xcconfig"; sourceTree = "<group>"; };
		6AE278007A5C48BA6AAB04CC /* Pods_Alamo_Demo.framework */ = {isa = PBXFileReference; explicitFileType = wrapper.framework; includeInIndex = 0; path = Pods_Alamo_Demo.framework; sourceTree = BUILT_PRODUCTS_DIR; };
		7A04BC042232F21400F2C464 /* VideoCategoryModel.swift */ = {isa = PBXFileReference; lastKnownFileType = sourcecode.swift; path = VideoCategoryModel.swift; sourceTree = "<group>"; };
		7A04BC062232F54000F2C464 /* VideoTableViewCell.swift */ = {isa = PBXFileReference; lastKnownFileType = sourcecode.swift; path = VideoTableViewCell.swift; sourceTree = "<group>"; };
		7A04BC082232F5BF00F2C464 /* VideoCategoryViewController.swift */ = {isa = PBXFileReference; lastKnownFileType = sourcecode.swift; path = VideoCategoryViewController.swift; sourceTree = "<group>"; };
		7A04BC0A2232F82B00F2C464 /* MainVideoCategoryModel.swift */ = {isa = PBXFileReference; lastKnownFileType = sourcecode.swift; path = MainVideoCategoryModel.swift; sourceTree = "<group>"; };
		7A929FA8219CEF170001B7D7 /* Alamo-Demo.app */ = {isa = PBXFileReference; explicitFileType = wrapper.application; includeInIndex = 0; path = "Alamo-Demo.app"; sourceTree = BUILT_PRODUCTS_DIR; };
		7A929FAB219CEF170001B7D7 /* AppDelegate.swift */ = {isa = PBXFileReference; lastKnownFileType = sourcecode.swift; path = AppDelegate.swift; sourceTree = "<group>"; };
		7A929FB0219CEF170001B7D7 /* Base */ = {isa = PBXFileReference; lastKnownFileType = file.storyboard; name = Base; path = Base.lproj/Main.storyboard; sourceTree = "<group>"; };
		7A929FB2219CEF180001B7D7 /* Assets.xcassets */ = {isa = PBXFileReference; lastKnownFileType = folder.assetcatalog; path = Assets.xcassets; sourceTree = "<group>"; };
		7A929FB7219CEF180001B7D7 /* Info.plist */ = {isa = PBXFileReference; lastKnownFileType = text.plist.xml; path = Info.plist; sourceTree = "<group>"; };
		7A9DD71D22F4BA6800588941 /* IngredientsAddTableViewCell.swift */ = {isa = PBXFileReference; lastKnownFileType = sourcecode.swift; path = IngredientsAddTableViewCell.swift; sourceTree = "<group>"; };
		7ABB0E38221E2E25004649E8 /* LaunchScreen.storyboard */ = {isa = PBXFileReference; lastKnownFileType = file.storyboard; path = LaunchScreen.storyboard; sourceTree = "<group>"; };
		7ABC09902304C795002CA237 /* ProcedureTableViewCell.swift */ = {isa = PBXFileReference; lastKnownFileType = sourcecode.swift; path = ProcedureTableViewCell.swift; sourceTree = "<group>"; };
		7ADB8F0022CD196100B11100 /* GoogleService-Info.plist */ = {isa = PBXFileReference; fileEncoding = 4; lastKnownFileType = text.plist.xml; path = "GoogleService-Info.plist"; sourceTree = "<group>"; };
		7ADB8F0622CD2A5F00B11100 /* TabBarController.swift */ = {isa = PBXFileReference; lastKnownFileType = sourcecode.swift; path = TabBarController.swift; sourceTree = "<group>"; };
		7ADB8F0822CD496400B11100 /* AccountViewController.swift */ = {isa = PBXFileReference; lastKnownFileType = sourcecode.swift; path = AccountViewController.swift; sourceTree = "<group>"; };
		7AEC609C22D3AF36001511DB /* main-category.json */ = {isa = PBXFileReference; lastKnownFileType = text.json; path = "main-category.json"; sourceTree = "<group>"; };
		7AEC609F22D3EC66001511DB /* valentine.json */ = {isa = PBXFileReference; lastKnownFileType = text.json; path = valentine.json; sourceTree = "<group>"; };
		7AEC60A322D3EDC4001511DB /* CategoryModel.swift */ = {isa = PBXFileReference; lastKnownFileType = sourcecode.swift; path = CategoryModel.swift; sourceTree = "<group>"; };
		7AEC60A522D3EE41001511DB /* DetailCategoryModel.swift */ = {isa = PBXFileReference; lastKnownFileType = sourcecode.swift; path = DetailCategoryModel.swift; sourceTree = "<group>"; };
		7AEC60A922D3FB5B001511DB /* summer.json */ = {isa = PBXFileReference; lastKnownFileType = text.json; path = summer.json; sourceTree = "<group>"; };
		7AEC60AB22D40742001511DB /* spring.json */ = {isa = PBXFileReference; lastKnownFileType = text.json; path = spring.json; sourceTree = "<group>"; };
		7AEC60AD22D408F0001511DB /* slushy.json */ = {isa = PBXFileReference; lastKnownFileType = text.json; path = slushy.json; sourceTree = "<group>"; };
		7AF6595B22CBDE3E008EDF8A /* AddRecipeViewController.swift */ = {isa = PBXFileReference; lastKnownFileType = sourcecode.swift; path = AddRecipeViewController.swift; sourceTree = "<group>"; };
		7AFE7F5B22D9251B004E5A68 /* RecipeBookViewController.swift */ = {isa = PBXFileReference; lastKnownFileType = sourcecode.swift; path = RecipeBookViewController.swift; sourceTree = "<group>"; };
		7AFE7F5D22D92939004E5A68 /* RecipeBookTableViewCell.swift */ = {isa = PBXFileReference; lastKnownFileType = sourcecode.swift; path = RecipeBookTableViewCell.swift; sourceTree = "<group>"; };
		BA21385E22152ECD0082FB68 /* DetailsViewController.swift */ = {isa = PBXFileReference; lastKnownFileType = sourcecode.swift; path = DetailsViewController.swift; sourceTree = "<group>"; };
		BA413981221E443000E74B98 /* CategoryCollectionViewCell.swift */ = {isa = PBXFileReference; lastKnownFileType = sourcecode.swift; path = CategoryCollectionViewCell.swift; sourceTree = "<group>"; };
		BA43B4C6227299A200349C95 /* welcomeVC.swift */ = {isa = PBXFileReference; lastKnownFileType = sourcecode.swift; path = welcomeVC.swift; sourceTree = "<group>"; };
		BABB762E221F94C100E2C0D4 /* RecipeViewController.swift */ = {isa = PBXFileReference; lastKnownFileType = sourcecode.swift; path = RecipeViewController.swift; sourceTree = "<group>"; };
		BABB7630221F967200E2C0D4 /* IngredientsTableViewCell.swift */ = {isa = PBXFileReference; lastKnownFileType = sourcecode.swift; path = IngredientsTableViewCell.swift; sourceTree = "<group>"; };
		BACC83FB227653520012158C /* SignInViewController.swift */ = {isa = PBXFileReference; lastKnownFileType = sourcecode.swift; path = SignInViewController.swift; sourceTree = "<group>"; };
		BACC83FD227653600012158C /* SignUpViewController.swift */ = {isa = PBXFileReference; lastKnownFileType = sourcecode.swift; path = SignUpViewController.swift; sourceTree = "<group>"; };
		BAD9328222128EDD008EDFBC /* SubCategoryModel.swift */ = {isa = PBXFileReference; lastKnownFileType = sourcecode.swift; path = SubCategoryModel.swift; sourceTree = "<group>"; };
		BAD93284221295EA008EDFBC /* MainCategoryCollectionViewCell.swift */ = {isa = PBXFileReference; lastKnownFileType = sourcecode.swift; path = MainCategoryCollectionViewCell.swift; sourceTree = "<group>"; };
		BAD9328622129780008EDFBC /* MainCategoryViewController.swift */ = {isa = PBXFileReference; lastKnownFileType = sourcecode.swift; path = MainCategoryViewController.swift; sourceTree = "<group>"; };
		BAD9328F2212A10F008EDFBC /* MainModelCategory.swift */ = {isa = PBXFileReference; lastKnownFileType = sourcecode.swift; path = MainModelCategory.swift; sourceTree = "<group>"; };
		C3517E1FA1E371CE0A83271F /* Pods-Alamo-Demo.debug.xcconfig */ = {isa = PBXFileReference; includeInIndex = 1; lastKnownFileType = text.xcconfig; name = "Pods-Alamo-Demo.debug.xcconfig"; path = "Pods/Target Support Files/Pods-Alamo-Demo/Pods-Alamo-Demo.debug.xcconfig"; sourceTree = "<group>"; };
/* End PBXFileReference section */

/* Begin PBXFrameworksBuildPhase section */
		7A929FA5219CEF170001B7D7 /* Frameworks */ = {
			isa = PBXFrameworksBuildPhase;
			buildActionMask = 2147483647;
			files = (
				652D7F33F934513D25FD49E6 /* Pods_Alamo_Demo.framework in Frameworks */,
			);
			runOnlyForDeploymentPostprocessing = 0;
		};
/* End PBXFrameworksBuildPhase section */

/* Begin PBXGroup section */
		4C953CED056A6E380DE6A893 /* Frameworks */ = {
			isa = PBXGroup;
			children = (
				6AE278007A5C48BA6AAB04CC /* Pods_Alamo_Demo.framework */,
			);
			name = Frameworks;
			sourceTree = "<group>";
		};
		7A04BC0C2233252100F2C464 /* Tab 1 */ = {
			isa = PBXGroup;
			children = (
				BAD9328622129780008EDFBC /* MainCategoryViewController.swift */,
				BAD93284221295EA008EDFBC /* MainCategoryCollectionViewCell.swift */,
				BA21385E22152ECD0082FB68 /* DetailsViewController.swift */,
				BA413981221E443000E74B98 /* CategoryCollectionViewCell.swift */,
				BABB762E221F94C100E2C0D4 /* RecipeViewController.swift */,
				BABB7630221F967200E2C0D4 /* IngredientsTableViewCell.swift */,
			);
			path = "Tab 1";
			sourceTree = "<group>";
		};
		7A04BC0D2233254000F2C464 /* Tab 2 */ = {
			isa = PBXGroup;
			children = (
				7A04BC062232F54000F2C464 /* VideoTableViewCell.swift */,
				7A04BC082232F5BF00F2C464 /* VideoCategoryViewController.swift */,
			);
			path = "Tab 2";
			sourceTree = "<group>";
		};
		7A04BC0E2233256300F2C464 /* Tab 1 */ = {
			isa = PBXGroup;
			children = (
				BAD9328F2212A10F008EDFBC /* MainModelCategory.swift */,
				BAD9328222128EDD008EDFBC /* SubCategoryModel.swift */,
				7AEC60A322D3EDC4001511DB /* CategoryModel.swift */,
				7AEC60A522D3EE41001511DB /* DetailCategoryModel.swift */,
			);
			path = "Tab 1";
			sourceTree = "<group>";
		};
		7A04BC0F2233256B00F2C464 /* Tab 2 */ = {
			isa = PBXGroup;
			children = (
				7A04BC0A2232F82B00F2C464 /* MainVideoCategoryModel.swift */,
				7A04BC042232F21400F2C464 /* VideoCategoryModel.swift */,
			);
			path = "Tab 2";
			sourceTree = "<group>";
		};
		7A929F9F219CEF170001B7D7 = {
			isa = PBXGroup;
			children = (
				7A929FAA219CEF170001B7D7 /* Alamo-Demo */,
				7A929FA9219CEF170001B7D7 /* Products */,
				C930670553F798ADD9437902 /* Pods */,
				4C953CED056A6E380DE6A893 /* Frameworks */,
			);
			sourceTree = "<group>";
		};
		7A929FA9219CEF170001B7D7 /* Products */ = {
			isa = PBXGroup;
			children = (
				7A929FA8219CEF170001B7D7 /* Alamo-Demo.app */,
			);
			name = Products;
			sourceTree = "<group>";
		};
		7A929FAA219CEF170001B7D7 /* Alamo-Demo */ = {
			isa = PBXGroup;
			children = (
				7A929FAB219CEF170001B7D7 /* AppDelegate.swift */,
				7A929FAF219CEF170001B7D7 /* Main.storyboard */,
				7ABB0E38221E2E25004649E8 /* LaunchScreen.storyboard */,
				BAD93281221289AD008EDFBC /* View Controller */,
				BAD932802212899F008EDFBC /* Model */,
				7AEC609E22D3EB6D001511DB /* JSON */,
				7A929FB2219CEF180001B7D7 /* Assets.xcassets */,
				7A929FB7219CEF180001B7D7 /* Info.plist */,
				7ADB8F0022CD196100B11100 /* GoogleService-Info.plist */,
			);
			path = "Alamo-Demo";
			sourceTree = "<group>";
		};
		7ABC09922304D39E002CA237 /* Tab 3 */ = {
			isa = PBXGroup;
			children = (
				7AF6595B22CBDE3E008EDF8A /* AddRecipeViewController.swift */,
				7A9DD71D22F4BA6800588941 /* IngredientsAddTableViewCell.swift */,
				7ABC09902304C795002CA237 /* ProcedureTableViewCell.swift */,
			);
			path = "Tab 3";
			sourceTree = "<group>";
		};
		7ABC09932304D3CA002CA237 /* Tab 4 */ = {
			isa = PBXGroup;
			children = (
				7AFE7F5B22D9251B004E5A68 /* RecipeBookViewController.swift */,
				7AFE7F5D22D92939004E5A68 /* RecipeBookTableViewCell.swift */,
			);
			path = "Tab 4";
			sourceTree = "<group>";
		};
		7ABC09942304D3EB002CA237 /* Tab 5 */ = {
			isa = PBXGroup;
			children = (
				7ADB8F0822CD496400B11100 /* AccountViewController.swift */,
			);
			path = "Tab 5";
			sourceTree = "<group>";
		};
		7AEC609E22D3EB6D001511DB /* JSON */ = {
			isa = PBXGroup;
			children = (
				7AEC609C22D3AF36001511DB /* main-category.json */,
				7AEC609F22D3EC66001511DB /* valentine.json */,
				7AEC60A922D3FB5B001511DB /* summer.json */,
				7AEC60AB22D40742001511DB /* spring.json */,
				7AEC60AD22D408F0001511DB /* slushy.json */,
			);
			path = JSON;
			sourceTree = "<group>";
		};
		BACC83FA227653280012158C /* Login */ = {
			isa = PBXGroup;
			children = (
				BACC83FB227653520012158C /* SignInViewController.swift */,
				BACC83FD227653600012158C /* SignUpViewController.swift */,
			);
			path = Login;
			sourceTree = "<group>";
		};
		BAD932802212899F008EDFBC /* Model */ = {
			isa = PBXGroup;
			children = (
				7A04BC0E2233256300F2C464 /* Tab 1 */,
				7A04BC0F2233256B00F2C464 /* Tab 2 */,
			);
			path = Model;
			sourceTree = "<group>";
		};
		BAD93281221289AD008EDFBC /* View Controller */ = {
			isa = PBXGroup;
			children = (
				BACC83FA227653280012158C /* Login */,
				7A04BC0C2233252100F2C464 /* Tab 1 */,
				7A04BC0D2233254000F2C464 /* Tab 2 */,
				7ABC09922304D39E002CA237 /* Tab 3 */,
				7ABC09932304D3CA002CA237 /* Tab 4 */,
				7ABC09942304D3EB002CA237 /* Tab 5 */,
				BA43B4C6227299A200349C95 /* welcomeVC.swift */,
				7ADB8F0622CD2A5F00B11100 /* TabBarController.swift */,
			);
			path = "View Controller";
			sourceTree = "<group>";
		};
		C930670553F798ADD9437902 /* Pods */ = {
			isa = PBXGroup;
			children = (
				C3517E1FA1E371CE0A83271F /* Pods-Alamo-Demo.debug.xcconfig */,
				02E18FA7310AEDE068283A41 /* Pods-Alamo-Demo.release.xcconfig */,
			);
			name = Pods;
			sourceTree = "<group>";
		};
/* End PBXGroup section */

/* Begin PBXNativeTarget section */
		7A929FA7219CEF170001B7D7 /* Alamo-Demo */ = {
			isa = PBXNativeTarget;
			buildConfigurationList = 7A929FBA219CEF180001B7D7 /* Build configuration list for PBXNativeTarget "Alamo-Demo" */;
			buildPhases = (
				1F8EC31D3EBA5C705AAD36BA /* [CP] Check Pods Manifest.lock */,
				7A929FA4219CEF170001B7D7 /* Sources */,
				7A929FA5219CEF170001B7D7 /* Frameworks */,
				7A929FA6219CEF170001B7D7 /* Resources */,
				2771C9BF5EC40F69D5E4ADF6 /* [CP] Embed Pods Frameworks */,
			);
			buildRules = (
			);
			dependencies = (
			);
			name = "Alamo-Demo";
			productName = "Alamo-Demo";
			productReference = 7A929FA8219CEF170001B7D7 /* Alamo-Demo.app */;
			productType = "com.apple.product-type.application";
		};
/* End PBXNativeTarget section */

/* Begin PBXProject section */
		7A929FA0219CEF170001B7D7 /* Project object */ = {
			isa = PBXProject;
			attributes = {
				LastSwiftUpdateCheck = 1000;
				LastUpgradeCheck = 1000;
				ORGANIZATIONNAME = GenistaBio;
				TargetAttributes = {
					7A929FA7219CEF170001B7D7 = {
						CreatedOnToolsVersion = 10.0;
					};
				};
			};
			buildConfigurationList = 7A929FA3219CEF170001B7D7 /* Build configuration list for PBXProject "Alamo-Demo" */;
			compatibilityVersion = "Xcode 9.3";
			developmentRegion = en;
			hasScannedForEncodings = 0;
			knownRegions = (
				en,
				Base,
			);
			mainGroup = 7A929F9F219CEF170001B7D7;
			productRefGroup = 7A929FA9219CEF170001B7D7 /* Products */;
			projectDirPath = "";
			projectRoot = "";
			targets = (
				7A929FA7219CEF170001B7D7 /* Alamo-Demo */,
			);
		};
/* End PBXProject section */

/* Begin PBXResourcesBuildPhase section */
		7A929FA6219CEF170001B7D7 /* Resources */ = {
			isa = PBXResourcesBuildPhase;
			buildActionMask = 2147483647;
			files = (
				7ADB8F0122CD196100B11100 /* GoogleService-Info.plist in Resources */,
				7AEC60AA22D3FB5B001511DB /* summer.json in Resources */,
				7A929FB3219CEF180001B7D7 /* Assets.xcassets in Resources */,
				7AEC60A022D3EC66001511DB /* valentine.json in Resources */,
				7ABB0E39221E2E25004649E8 /* LaunchScreen.storyboard in Resources */,
				7AEC60AE22D408F0001511DB /* slushy.json in Resources */,
				7A929FB1219CEF170001B7D7 /* Main.storyboard in Resources */,
				7AEC60AC22D40742001511DB /* spring.json in Resources */,
				7AEC609D22D3AF36001511DB /* main-category.json in Resources */,
			);
			runOnlyForDeploymentPostprocessing = 0;
		};
/* End PBXResourcesBuildPhase section */

/* Begin PBXShellScriptBuildPhase section */
		1F8EC31D3EBA5C705AAD36BA /* [CP] Check Pods Manifest.lock */ = {
			isa = PBXShellScriptBuildPhase;
			buildActionMask = 12;
			files = (
			);
			inputFileListPaths = (
			);
			inputPaths = (
				"${PODS_PODFILE_DIR_PATH}/Podfile.lock",
				"${PODS_ROOT}/Manifest.lock",
			);
			name = "[CP] Check Pods Manifest.lock";
			outputFileListPaths = (
			);
			outputPaths = (
				"$(DERIVED_FILE_DIR)/Pods-Alamo-Demo-checkManifestLockResult.txt",
			);
			runOnlyForDeploymentPostprocessing = 0;
			shellPath = /bin/sh;
			shellScript = "diff \"${PODS_PODFILE_DIR_PATH}/Podfile.lock\" \"${PODS_ROOT}/Manifest.lock\" > /dev/null\nif [ $? != 0 ] ; then\n    # print error to STDERR\n    echo \"error: The sandbox is not in sync with the Podfile.lock. Run 'pod install' or update your CocoaPods installation.\" >&2\n    exit 1\nfi\n# This output is used by Xcode 'outputs' to avoid re-running this script phase.\necho \"SUCCESS\" > \"${SCRIPT_OUTPUT_FILE_0}\"\n";
			showEnvVarsInLog = 0;
		};
		2771C9BF5EC40F69D5E4ADF6 /* [CP] Embed Pods Frameworks */ = {
			isa = PBXShellScriptBuildPhase;
			buildActionMask = 2147483647;
			files = (
			);
			inputFileListPaths = (
			);
			inputPaths = (
				"${SRCROOT}/Pods/Target Support Files/Pods-Alamo-Demo/Pods-Alamo-Demo-frameworks.sh",
				"${BUILT_PRODUCTS_DIR}/Alamofire/Alamofire.framework",
				"${BUILT_PRODUCTS_DIR}/BoringSSL-GRPC/openssl_grpc.framework",
				"${BUILT_PRODUCTS_DIR}/GTMSessionFetcher/GTMSessionFetcher.framework",
				"${BUILT_PRODUCTS_DIR}/GoogleUtilities/GoogleUtilities.framework",
				"${BUILT_PRODUCTS_DIR}/Kingfisher/Kingfisher.framework",
				"${BUILT_PRODUCTS_DIR}/Protobuf/Protobuf.framework",
				"${BUILT_PRODUCTS_DIR}/SwiftyJSON/SwiftyJSON.framework",
				"${BUILT_PRODUCTS_DIR}/gRPC-C++/grpcpp.framework",
				"${BUILT_PRODUCTS_DIR}/gRPC-Core/grpc.framework",
				"${BUILT_PRODUCTS_DIR}/leveldb-library/leveldb.framework",
				"${BUILT_PRODUCTS_DIR}/nanopb/nanopb.framework",
			);
			name = "[CP] Embed Pods Frameworks";
			outputFileListPaths = (
			);
			outputPaths = (
				"${TARGET_BUILD_DIR}/${FRAMEWORKS_FOLDER_PATH}/Alamofire.framework",
				"${TARGET_BUILD_DIR}/${FRAMEWORKS_FOLDER_PATH}/openssl_grpc.framework",
				"${TARGET_BUILD_DIR}/${FRAMEWORKS_FOLDER_PATH}/GTMSessionFetcher.framework",
				"${TARGET_BUILD_DIR}/${FRAMEWORKS_FOLDER_PATH}/GoogleUtilities.framework",
				"${TARGET_BUILD_DIR}/${FRAMEWORKS_FOLDER_PATH}/Kingfisher.framework",
				"${TARGET_BUILD_DIR}/${FRAMEWORKS_FOLDER_PATH}/Protobuf.framework",
				"${TARGET_BUILD_DIR}/${FRAMEWORKS_FOLDER_PATH}/SwiftyJSON.framework",
				"${TARGET_BUILD_DIR}/${FRAMEWORKS_FOLDER_PATH}/grpcpp.framework",
				"${TARGET_BUILD_DIR}/${FRAMEWORKS_FOLDER_PATH}/grpc.framework",
				"${TARGET_BUILD_DIR}/${FRAMEWORKS_FOLDER_PATH}/leveldb.framework",
				"${TARGET_BUILD_DIR}/${FRAMEWORKS_FOLDER_PATH}/nanopb.framework",
			);
			runOnlyForDeploymentPostprocessing = 0;
			shellPath = /bin/sh;
			shellScript = "\"${SRCROOT}/Pods/Target Support Files/Pods-Alamo-Demo/Pods-Alamo-Demo-frameworks.sh\"\n";
			showEnvVarsInLog = 0;
		};
/* End PBXShellScriptBuildPhase section */

/* Begin PBXSourcesBuildPhase section */
		7A929FA4219CEF170001B7D7 /* Sources */ = {
			isa = PBXSourcesBuildPhase;
			buildActionMask = 2147483647;
			files = (
				7A9DD71E22F4BA6800588941 /* IngredientsAddTableViewCell.swift in Sources */,
				7A04BC092232F5BF00F2C464 /* VideoCategoryViewController.swift in Sources */,
				BAD93285221295EA008EDFBC /* MainCategoryCollectionViewCell.swift in Sources */,
				BAD9328722129780008EDFBC /* MainCategoryViewController.swift in Sources */,
				7ADB8F0722CD2A5F00B11100 /* TabBarController.swift in Sources */,
				7A04BC052232F21400F2C464 /* VideoCategoryModel.swift in Sources */,
				7ABC09912304C795002CA237 /* ProcedureTableViewCell.swift in Sources */,
				BA21385F22152ECD0082FB68 /* DetailsViewController.swift in Sources */,
				7A04BC0B2232F82B00F2C464 /* MainVideoCategoryModel.swift in Sources */,
				BAD932902212A10F008EDFBC /* MainModelCategory.swift in Sources */,
				BABB7631221F967200E2C0D4 /* IngredientsTableViewCell.swift in Sources */,
				BACC83FC227653520012158C /* SignInViewController.swift in Sources */,
				BABB762F221F94C100E2C0D4 /* RecipeViewController.swift in Sources */,
				7AFE7F5C22D9251B004E5A68 /* RecipeBookViewController.swift in Sources */,
				BACC83FE227653600012158C /* SignUpViewController.swift in Sources */,
				7AEC60A622D3EE41001511DB /* DetailCategoryModel.swift in Sources */,
				7ADB8F0922CD496400B11100 /* AccountViewController.swift in Sources */,
				7AEC60A422D3EDC4001511DB /* CategoryModel.swift in Sources */,
				7AFE7F5E22D92939004E5A68 /* RecipeBookTableViewCell.swift in Sources */,
				BA413982221E443000E74B98 /* CategoryCollectionViewCell.swift in Sources */,
				7AF6595C22CBDE3E008EDF8A /* AddRecipeViewController.swift in Sources */,
				BAD9328322128EDD008EDFBC /* SubCategoryModel.swift in Sources */,
				BA43B4C7227299A200349C95 /* welcomeVC.swift in Sources */,
				7A929FAC219CEF170001B7D7 /* AppDelegate.swift in Sources */,
				7A04BC072232F54000F2C464 /* VideoTableViewCell.swift in Sources */,
			);
			runOnlyForDeploymentPostprocessing = 0;
		};
/* End PBXSourcesBuildPhase section */

/* Begin PBXVariantGroup section */
		7A929FAF219CEF170001B7D7 /* Main.storyboard */ = {
			isa = PBXVariantGroup;
			children = (
				7A929FB0219CEF170001B7D7 /* Base */,
			);
			name = Main.storyboard;
			sourceTree = "<group>";
		};
/* End PBXVariantGroup section */

/* Begin XCBuildConfiguration section */
		7A929FB8219CEF180001B7D7 /* Debug */ = {
			isa = XCBuildConfiguration;
			buildSettings = {
				ALWAYS_SEARCH_USER_PATHS = NO;
				CLANG_ANALYZER_NONNULL = YES;
				CLANG_ANALYZER_NUMBER_OBJECT_CONVERSION = YES_AGGRESSIVE;
				CLANG_CXX_LANGUAGE_STANDARD = "gnu++14";
				CLANG_CXX_LIBRARY = "libc++";
				CLANG_ENABLE_MODULES = YES;
				CLANG_ENABLE_OBJC_ARC = YES;
				CLANG_ENABLE_OBJC_WEAK = YES;
				CLANG_WARN_BLOCK_CAPTURE_AUTORELEASING = YES;
				CLANG_WARN_BOOL_CONVERSION = YES;
				CLANG_WARN_COMMA = YES;
				CLANG_WARN_CONSTANT_CONVERSION = YES;
				CLANG_WARN_DEPRECATED_OBJC_IMPLEMENTATIONS = YES;
				CLANG_WARN_DIRECT_OBJC_ISA_USAGE = YES_ERROR;
				CLANG_WARN_DOCUMENTATION_COMMENTS = YES;
				CLANG_WARN_EMPTY_BODY = YES;
				CLANG_WARN_ENUM_CONVERSION = YES;
				CLANG_WARN_INFINITE_RECURSION = YES;
				CLANG_WARN_INT_CONVERSION = YES;
				CLANG_WARN_NON_LITERAL_NULL_CONVERSION = YES;
				CLANG_WARN_OBJC_IMPLICIT_RETAIN_SELF = YES;
				CLANG_WARN_OBJC_LITERAL_CONVERSION = YES;
				CLANG_WARN_OBJC_ROOT_CLASS = YES_ERROR;
				CLANG_WARN_RANGE_LOOP_ANALYSIS = YES;
				CLANG_WARN_STRICT_PROTOTYPES = YES;
				CLANG_WARN_SUSPICIOUS_MOVE = YES;
				CLANG_WARN_UNGUARDED_AVAILABILITY = YES_AGGRESSIVE;
				CLANG_WARN_UNREACHABLE_CODE = YES;
				CLANG_WARN__DUPLICATE_METHOD_MATCH = YES;
				CODE_SIGN_IDENTITY = "iPhone Developer";
				COPY_PHASE_STRIP = NO;
				DEBUG_INFORMATION_FORMAT = dwarf;
				ENABLE_STRICT_OBJC_MSGSEND = YES;
				ENABLE_TESTABILITY = YES;
				GCC_C_LANGUAGE_STANDARD = gnu11;
				GCC_DYNAMIC_NO_PIC = NO;
				GCC_NO_COMMON_BLOCKS = YES;
				GCC_OPTIMIZATION_LEVEL = 0;
				GCC_PREPROCESSOR_DEFINITIONS = (
					"DEBUG=1",
					"$(inherited)",
				);
				GCC_WARN_64_TO_32_BIT_CONVERSION = YES;
				GCC_WARN_ABOUT_RETURN_TYPE = YES_ERROR;
				GCC_WARN_UNDECLARED_SELECTOR = YES;
				GCC_WARN_UNINITIALIZED_AUTOS = YES_AGGRESSIVE;
				GCC_WARN_UNUSED_FUNCTION = YES;
				GCC_WARN_UNUSED_VARIABLE = YES;
				IPHONEOS_DEPLOYMENT_TARGET = 12.0;
				MTL_ENABLE_DEBUG_INFO = INCLUDE_SOURCE;
				MTL_FAST_MATH = YES;
				ONLY_ACTIVE_ARCH = YES;
				SDKROOT = iphoneos;
				SWIFT_ACTIVE_COMPILATION_CONDITIONS = DEBUG;
				SWIFT_OPTIMIZATION_LEVEL = "-Onone";
			};
			name = Debug;
		};
		7A929FB9219CEF180001B7D7 /* Release */ = {
			isa = XCBuildConfiguration;
			buildSettings = {
				ALWAYS_SEARCH_USER_PATHS = NO;
				CLANG_ANALYZER_NONNULL = YES;
				CLANG_ANALYZER_NUMBER_OBJECT_CONVERSION = YES_AGGRESSIVE;
				CLANG_CXX_LANGUAGE_STANDARD = "gnu++14";
				CLANG_CXX_LIBRARY = "libc++";
				CLANG_ENABLE_MODULES = YES;
				CLANG_ENABLE_OBJC_ARC = YES;
				CLANG_ENABLE_OBJC_WEAK = YES;
				CLANG_WARN_BLOCK_CAPTURE_AUTORELEASING = YES;
				CLANG_WARN_BOOL_CONVERSION = YES;
				CLANG_WARN_COMMA = YES;
				CLANG_WARN_CONSTANT_CONVERSION = YES;
				CLANG_WARN_DEPRECATED_OBJC_IMPLEMENTATIONS = YES;
				CLANG_WARN_DIRECT_OBJC_ISA_USAGE = YES_ERROR;
				CLANG_WARN_DOCUMENTATION_COMMENTS = YES;
				CLANG_WARN_EMPTY_BODY = YES;
				CLANG_WARN_ENUM_CONVERSION = YES;
				CLANG_WARN_INFINITE_RECURSION = YES;
				CLANG_WARN_INT_CONVERSION = YES;
				CLANG_WARN_NON_LITERAL_NULL_CONVERSION = YES;
				CLANG_WARN_OBJC_IMPLICIT_RETAIN_SELF = YES;
				CLANG_WARN_OBJC_LITERAL_CONVERSION = YES;
				CLANG_WARN_OBJC_ROOT_CLASS = YES_ERROR;
				CLANG_WARN_RANGE_LOOP_ANALYSIS = YES;
				CLANG_WARN_STRICT_PROTOTYPES = YES;
				CLANG_WARN_SUSPICIOUS_MOVE = YES;
				CLANG_WARN_UNGUARDED_AVAILABILITY = YES_AGGRESSIVE;
				CLANG_WARN_UNREACHABLE_CODE = YES;
				CLANG_WARN__DUPLICATE_METHOD_MATCH = YES;
				CODE_SIGN_IDENTITY = "iPhone Developer";
				COPY_PHASE_STRIP = NO;
				DEBUG_INFORMATION_FORMAT = "dwarf-with-dsym";
				ENABLE_NS_ASSERTIONS = NO;
				ENABLE_STRICT_OBJC_MSGSEND = YES;
				GCC_C_LANGUAGE_STANDARD = gnu11;
				GCC_NO_COMMON_BLOCKS = YES;
				GCC_WARN_64_TO_32_BIT_CONVERSION = YES;
				GCC_WARN_ABOUT_RETURN_TYPE = YES_ERROR;
				GCC_WARN_UNDECLARED_SELECTOR = YES;
				GCC_WARN_UNINITIALIZED_AUTOS = YES_AGGRESSIVE;
				GCC_WARN_UNUSED_FUNCTION = YES;
				GCC_WARN_UNUSED_VARIABLE = YES;
				IPHONEOS_DEPLOYMENT_TARGET = 12.0;
				MTL_ENABLE_DEBUG_INFO = NO;
				MTL_FAST_MATH = YES;
				SDKROOT = iphoneos;
				SWIFT_COMPILATION_MODE = wholemodule;
				SWIFT_OPTIMIZATION_LEVEL = "-O";
				VALIDATE_PRODUCT = YES;
			};
			name = Release;
		};
		7A929FBB219CEF180001B7D7 /* Debug */ = {
			isa = XCBuildConfiguration;
			baseConfigurationReference = C3517E1FA1E371CE0A83271F /* Pods-Alamo-Demo.debug.xcconfig */;
			buildSettings = {
				ASSETCATALOG_COMPILER_APPICON_NAME = AppIcon;
				CODE_SIGN_STYLE = Automatic;
				DEVELOPMENT_TEAM = 4N4URRN245;
				INFOPLIST_FILE = "Alamo-Demo/Info.plist";
				LD_RUNPATH_SEARCH_PATHS = (
					"$(inherited)",
					"@executable_path/Frameworks",
				);
				PRODUCT_BUNDLE_IDENTIFIER = "com.esv.Alamo-Demo";
				PRODUCT_NAME = "$(TARGET_NAME)";
				SWIFT_VERSION = 4.2;
				TARGETED_DEVICE_FAMILY = "1,2";
			};
			name = Debug;
		};
		7A929FBC219CEF180001B7D7 /* Release */ = {
			isa = XCBuildConfiguration;
			baseConfigurationReference = 02E18FA7310AEDE068283A41 /* Pods-Alamo-Demo.release.xcconfig */;
			buildSettings = {
				ASSETCATALOG_COMPILER_APPICON_NAME = AppIcon;
				CODE_SIGN_STYLE = Automatic;
				DEVELOPMENT_TEAM = 4N4URRN245;
				INFOPLIST_FILE = "Alamo-Demo/Info.plist";
				LD_RUNPATH_SEARCH_PATHS = (
					"$(inherited)",
					"@executable_path/Frameworks",
				);
				PRODUCT_BUNDLE_IDENTIFIER = "com.esv.Alamo-Demo";
				PRODUCT_NAME = "$(TARGET_NAME)";
				SWIFT_VERSION = 4.2;
				TARGETED_DEVICE_FAMILY = "1,2";
			};
			name = Release;
		};
/* End XCBuildConfiguration section */

/* Begin XCConfigurationList section */
		7A929FA3219CEF170001B7D7 /* Build configuration list for PBXProject "Alamo-Demo" */ = {
			isa = XCConfigurationList;
			buildConfigurations = (
				7A929FB8219CEF180001B7D7 /* Debug */,
				7A929FB9219CEF180001B7D7 /* Release */,
			);
			defaultConfigurationIsVisible = 0;
			defaultConfigurationName = Release;
		};
		7A929FBA219CEF180001B7D7 /* Build configuration list for PBXNativeTarget "Alamo-Demo" */ = {
			isa = XCConfigurationList;
			buildConfigurations = (
				7A929FBB219CEF180001B7D7 /* Debug */,
				7A929FBC219CEF180001B7D7 /* Release */,
			);
			defaultConfigurationIsVisible = 0;
			defaultConfigurationName = Release;
		};
/* End XCConfigurationList section */
	};
	rootObject = 7A929FA0219CEF170001B7D7 /* Project object */;
}
